
Microsoft Visual Studio Solution File, Format Version 12.00
# Visual Studio Version 17
VisualStudioVersion = 17.13.35931.197 d17.13
MinimumVisualStudioVersion = 10.0.40219.1
Project("{FAE04EC0-301F-11D3-BF4B-00C04F79EFBC}") = "AWSLambdaGetBooks", "AWSLambdaGetBooks\AWSLambdaGetBooks.csproj", "{745CE022-528A-7F47-8D0E-D953243689B2}"
EndProject
Global
	GlobalSection(SolutionConfigurationPlatforms) = preSolution
		Debug|Any CPU = Debug|Any CPU
		Release|Any CPU = Release|Any CPU
	EndGlobalSection
	GlobalSection(ProjectConfigurationPlatforms) = postSolution
		{745CE022-528A-7F47-8D0E-D953243689B2}.Debug|Any CPU.ActiveCfg = Debug|Any CPU
		{745CE022-528A-7F47-8D0E-D953243689B2}.Debug|Any CPU.Build.0 = Debug|Any CPU
		{745CE022-528A-7F47-8D0E-D953243689B2}.Release|Any CPU.ActiveCfg = Release|Any CPU
		{745CE022-528A-7F47-8D0E-D953243689B2}.Release|Any CPU.Build.0 = Release|Any CPU
	EndGlobalSection
	GlobalSection(SolutionProperties) = preSolution
		HideSolutionNode = FALSE
	EndGlobalSection
	GlobalSection(ExtensibilityGlobals) = postSolution
		SolutionGuid = {CD2916F2-46A3-400E-910B-F1442434CF93}
	EndGlobalSection
EndGlobal
